
Microsoft Visual Studio Solution File, Format Version 12.00
# Visual Studio 2013
VisualStudioVersion = 12.0.21005.1
MinimumVisualStudioVersion = 10.0.40219.1
Project("{FAE04EC0-301F-11D3-BF4B-00C04F79EFBC}") = "Task1UI", "Task1UI\Task1UI.csproj", "{31F82481-8559-4420-9961-8C4B786DF245}"
EndProject
Project("{FAE04EC0-301F-11D3-BF4B-00C04F79EFBC}") = "Task1Iterator", "Task1Iterator\Task1Iterator.csproj", "{1CA51AE5-AF79-459A-A594-E11F4F6CC8A9}"
EndProject
Project("{FAE04EC0-301F-11D3-BF4B-00C04F79EFBC}") = "Task1IteratorLogic", "Task1IteratorLogic\Task1IteratorLogic.csproj", "{2131AC3B-FA64-4E82-858C-8E37CEBA84F7}"
EndProject
Project("{FAE04EC0-301F-11D3-BF4B-00C04F79EFBC}") = "Task2Queue", "Task2Queue\Task2Queue.csproj", "{AB216206-B796-464A-A9F0-9543BCB15D12}"
EndProject
Project("{FAE04EC0-301F-11D3-BF4B-00C04F79EFBC}") = "Task2UI", "Task2UI\Task2UI.csproj", "{518C8159-63DD-4479-8476-474332BBBBCB}"
EndProject
Project("{FAE04EC0-301F-11D3-BF4B-00C04F79EFBC}") = "Task3BinarySearch", "Task3BinarySearch\Task3BinarySearch.csproj", "{B85BAA2A-CB94-4614-8563-1BEF5018E5E4}"
EndProject
Project("{FAE04EC0-301F-11D3-BF4B-00C04F79EFBC}") = "Task3Comparators", "Task3Comparators\Task3Comparators.csproj", "{18DA7E79-EB43-4982-8CD6-97D79153BEBE}"
EndProject
Project("{FAE04EC0-301F-11D3-BF4B-00C04F79EFBC}") = "Task3Tests", "Task3Tests\Task3Tests.csproj", "{312F6FDE-F03B-43D2-900C-55D425F30A43}"
EndProject
Project("{FAE04EC0-301F-11D3-BF4B-00C04F79EFBC}") = "Task4Fibanacci", "Task4Fibanacci\Task4Fibanacci.csproj", "{C8355B48-A09A-4C75-8232-BD43962C5AFA}"
EndProject
Project("{FAE04EC0-301F-11D3-BF4B-00C04F79EFBC}") = "Task4Tests", "Task4Tests\Task4Tests.csproj", "{475D7F2C-F3D9-4EBE-B09F-34EC196875B0}"
EndProject
Project("{FAE04EC0-301F-11D3-BF4B-00C04F79EFBC}") = "Task5Matrix", "Task5Matrix\Task5Matrix.csproj", "{02046380-F870-4768-B1C8-370F67870E1B}"
EndProject
Project("{FAE04EC0-301F-11D3-BF4B-00C04F79EFBC}") = "Task5UI", "Task5UI\Task5UI.csproj", "{C9EDC857-5BDB-4F0F-8986-E13EF0B2D30A}"
EndProject
Project("{FAE04EC0-301F-11D3-BF4B-00C04F79EFBC}") = "Task5MatrixGenerator", "Task5MatrixGenerator\Task5MatrixGenerator.csproj", "{96892F4F-7EB5-4644-895B-6A7948E09250}"
EndProject
Project("{FAE04EC0-301F-11D3-BF4B-00C04F79EFBC}") = "Task5MatrixHelper", "Task5MatrixHelper\Task5MatrixHelper.csproj", "{4B37467D-B417-4DD2-B7C1-B84DFDD7C0FA}"
EndProject
Project("{FAE04EC0-301F-11D3-BF4B-00C04F79EFBC}") = "Task5Tests", "Task5Tests\Task5Tests.csproj", "{03ECA671-F8B0-47C0-B40F-8889AAE71C4B}"
EndProject
Global
	GlobalSection(SolutionConfigurationPlatforms) = preSolution
		Debug|Any CPU = Debug|Any CPU
		Release|Any CPU = Release|Any CPU
	EndGlobalSection
	GlobalSection(ProjectConfigurationPlatforms) = postSolution
		{31F82481-8559-4420-9961-8C4B786DF245}.Debug|Any CPU.ActiveCfg = Debug|Any CPU
		{31F82481-8559-4420-9961-8C4B786DF245}.Debug|Any CPU.Build.0 = Debug|Any CPU
		{31F82481-8559-4420-9961-8C4B786DF245}.Release|Any CPU.ActiveCfg = Release|Any CPU
		{31F82481-8559-4420-9961-8C4B786DF245}.Release|Any CPU.Build.0 = Release|Any CPU
		{1CA51AE5-AF79-459A-A594-E11F4F6CC8A9}.Debug|Any CPU.ActiveCfg = Debug|Any CPU
		{1CA51AE5-AF79-459A-A594-E11F4F6CC8A9}.Debug|Any CPU.Build.0 = Debug|Any CPU
		{1CA51AE5-AF79-459A-A594-E11F4F6CC8A9}.Release|Any CPU.ActiveCfg = Release|Any CPU
		{1CA51AE5-AF79-459A-A594-E11F4F6CC8A9}.Release|Any CPU.Build.0 = Release|Any CPU
		{2131AC3B-FA64-4E82-858C-8E37CEBA84F7}.Debug|Any CPU.ActiveCfg = Debug|Any CPU
		{2131AC3B-FA64-4E82-858C-8E37CEBA84F7}.Debug|Any CPU.Build.0 = Debug|Any CPU
		{2131AC3B-FA64-4E82-858C-8E37CEBA84F7}.Release|Any CPU.ActiveCfg = Release|Any CPU
		{2131AC3B-FA64-4E82-858C-8E37CEBA84F7}.Release|Any CPU.Build.0 = Release|Any CPU
		{AB216206-B796-464A-A9F0-9543BCB15D12}.Debug|Any CPU.ActiveCfg = Debug|Any CPU
		{AB216206-B796-464A-A9F0-9543BCB15D12}.Debug|Any CPU.Build.0 = Debug|Any CPU
		{AB216206-B796-464A-A9F0-9543BCB15D12}.Release|Any CPU.ActiveCfg = Release|Any CPU
		{AB216206-B796-464A-A9F0-9543BCB15D12}.Release|Any CPU.Build.0 = Release|Any CPU
		{518C8159-63DD-4479-8476-474332BBBBCB}.Debug|Any CPU.ActiveCfg = Debug|Any CPU
		{518C8159-63DD-4479-8476-474332BBBBCB}.Debug|Any CPU.Build.0 = Debug|Any CPU
		{518C8159-63DD-4479-8476-474332BBBBCB}.Release|Any CPU.ActiveCfg = Release|Any CPU
		{518C8159-63DD-4479-8476-474332BBBBCB}.Release|Any CPU.Build.0 = Release|Any CPU
		{B85BAA2A-CB94-4614-8563-1BEF5018E5E4}.Debug|Any CPU.ActiveCfg = Debug|Any CPU
		{B85BAA2A-CB94-4614-8563-1BEF5018E5E4}.Debug|Any CPU.Build.0 = Debug|Any CPU
		{B85BAA2A-CB94-4614-8563-1BEF5018E5E4}.Release|Any CPU.ActiveCfg = Release|Any CPU
		{B85BAA2A-CB94-4614-8563-1BEF5018E5E4}.Release|Any CPU.Build.0 = Release|Any CPU
		{18DA7E79-EB43-4982-8CD6-97D79153BEBE}.Debug|Any CPU.ActiveCfg = Debug|Any CPU
		{18DA7E79-EB43-4982-8CD6-97D79153BEBE}.Debug|Any CPU.Build.0 = Debug|Any CPU
		{18DA7E79-EB43-4982-8CD6-97D79153BEBE}.Release|Any CPU.ActiveCfg = Release|Any CPU
		{18DA7E79-EB43-4982-8CD6-97D79153BEBE}.Release|Any CPU.Build.0 = Release|Any CPU
		{312F6FDE-F03B-43D2-900C-55D425F30A43}.Debug|Any CPU.ActiveCfg = Debug|Any CPU
		{312F6FDE-F03B-43D2-900C-55D425F30A43}.Debug|Any CPU.Build.0 = Debug|Any CPU
		{312F6FDE-F03B-43D2-900C-55D425F30A43}.Release|Any CPU.ActiveCfg = Release|Any CPU
		{312F6FDE-F03B-43D2-900C-55D425F30A43}.Release|Any CPU.Build.0 = Release|Any CPU
		{C8355B48-A09A-4C75-8232-BD43962C5AFA}.Debug|Any CPU.ActiveCfg = Debug|Any CPU
		{C8355B48-A09A-4C75-8232-BD43962C5AFA}.Debug|Any CPU.Build.0 = Debug|Any CPU
		{C8355B48-A09A-4C75-8232-BD43962C5AFA}.Release|Any CPU.ActiveCfg = Release|Any CPU
		{C8355B48-A09A-4C75-8232-BD43962C5AFA}.Release|Any CPU.Build.0 = Release|Any CPU
		{475D7F2C-F3D9-4EBE-B09F-34EC196875B0}.Debug|Any CPU.ActiveCfg = Debug|Any CPU
		{475D7F2C-F3D9-4EBE-B09F-34EC196875B0}.Debug|Any CPU.Build.0 = Debug|Any CPU
		{475D7F2C-F3D9-4EBE-B09F-34EC196875B0}.Release|Any CPU.ActiveCfg = Release|Any CPU
		{475D7F2C-F3D9-4EBE-B09F-34EC196875B0}.Release|Any CPU.Build.0 = Release|Any CPU
		{02046380-F870-4768-B1C8-370F67870E1B}.Debug|Any CPU.ActiveCfg = Debug|Any CPU
		{02046380-F870-4768-B1C8-370F67870E1B}.Debug|Any CPU.Build.0 = Debug|Any CPU
		{02046380-F870-4768-B1C8-370F67870E1B}.Release|Any CPU.ActiveCfg = Release|Any CPU
		{02046380-F870-4768-B1C8-370F67870E1B}.Release|Any CPU.Build.0 = Release|Any CPU
		{C9EDC857-5BDB-4F0F-8986-E13EF0B2D30A}.Debug|Any CPU.ActiveCfg = Debug|Any CPU
		{C9EDC857-5BDB-4F0F-8986-E13EF0B2D30A}.Debug|Any CPU.Build.0 = Debug|Any CPU
		{C9EDC857-5BDB-4F0F-8986-E13EF0B2D30A}.Release|Any CPU.ActiveCfg = Release|Any CPU
		{C9EDC857-5BDB-4F0F-8986-E13EF0B2D30A}.Release|Any CPU.Build.0 = Release|Any CPU
		{96892F4F-7EB5-4644-895B-6A7948E09250}.Debug|Any CPU.ActiveCfg = Debug|Any CPU
		{96892F4F-7EB5-4644-895B-6A7948E09250}.Debug|Any CPU.Build.0 = Debug|Any CPU
		{96892F4F-7EB5-4644-895B-6A7948E09250}.Release|Any CPU.ActiveCfg = Release|Any CPU
		{96892F4F-7EB5-4644-895B-6A7948E09250}.Release|Any CPU.Build.0 = Release|Any CPU
		{4B37467D-B417-4DD2-B7C1-B84DFDD7C0FA}.Debug|Any CPU.ActiveCfg = Debug|Any CPU
		{4B37467D-B417-4DD2-B7C1-B84DFDD7C0FA}.Debug|Any CPU.Build.0 = Debug|Any CPU
		{4B37467D-B417-4DD2-B7C1-B84DFDD7C0FA}.Release|Any CPU.ActiveCfg = Release|Any CPU
		{4B37467D-B417-4DD2-B7C1-B84DFDD7C0FA}.Release|Any CPU.Build.0 = Release|Any CPU
		{03ECA671-F8B0-47C0-B40F-8889AAE71C4B}.Debug|Any CPU.ActiveCfg = Debug|Any CPU
		{03ECA671-F8B0-47C0-B40F-8889AAE71C4B}.Debug|Any CPU.Build.0 = Debug|Any CPU
		{03ECA671-F8B0-47C0-B40F-8889AAE71C4B}.Release|Any CPU.ActiveCfg = Release|Any CPU
		{03ECA671-F8B0-47C0-B40F-8889AAE71C4B}.Release|Any CPU.Build.0 = Release|Any CPU
	EndGlobalSection
	GlobalSection(SolutionProperties) = preSolution
		HideSolutionNode = FALSE
	EndGlobalSection
EndGlobal
